schema: '2.0'
stages:
  get_data:
    cmd: python ./src/dataset/get_data.py
    deps:
    - path: ./src/dataset/get_data.py
      hash: md5
      md5: 6f07eb983b87a21beedbc8fd43a8dfe1
      size: 1332
    - path: pyproject.toml
      hash: md5
      md5: abd1c2b6d4a756210f433c33eb91ebbf
      size: 1220
    outs:
    - path: tmp/corpus.joblib
      hash: md5
      md5: 243212bb05cce5e3fdc72bfd2826d329
      size: 31612
    - path: tmp/raw_labels.joblib
      hash: md5
      md5: e72f7dc91beee28dbae42e6464fc57ed
      size: 7425
  data_preprocess:
    cmd: python ./src/dataset/pre_process.py
    deps:
    - path: ./src/dataset/pre_process.py
      hash: md5
      md5: 48f6c85238259c6e38c1ac62491806d8
      size: 1601
    - path: tmp/corpus.joblib
      hash: md5
      md5: 243212bb05cce5e3fdc72bfd2826d329
      size: 31612
    - path: tmp/raw_labels.joblib
      hash: md5
      md5: e72f7dc91beee28dbae42e6464fc57ed
      size: 7425
    outs:
    - path: tmp/X.joblib
      hash: md5
      md5: 4fe6d9cac6bd6b0e5a796e576b9e7029
      size: 10212865
    - path: tmp/corpus_processed.joblib
      hash: md5
      md5: d6f2d2228a9a7b97d3818914d0f8427c
      size: 31609
    - path: tmp/cv.joblib
      hash: md5
      md5: 8a7b03107782bfcb05aa2dfe40cac520
      size: 39442
    - path: tmp/y.joblib
      hash: md5
      md5: 02609bd21a184a5a416fbc0db97162ff
      size: 7417
  train:
    cmd: python ./src/modeling/train.py
    deps:
    - path: ./src/modeling/train.py
      hash: md5
      md5: a20046e031118860f1d415b4dcd588f2
      size: 1484
    - path: tmp/X.joblib
      hash: md5
      md5: 4fe6d9cac6bd6b0e5a796e576b9e7029
      size: 10212865
    - path: tmp/cv.joblib
      hash: md5
      md5: 571c8e2c8df0e90bc9a42617c703fe69
      size: 39448
    - path: tmp/y.joblib
      hash: md5
      md5: 02609bd21a184a5a416fbc0db97162ff
      size: 7417
    outs:
    - path: tmp/X_test.joblib
      hash: md5
      md5: 83ca11d00be1ce3328e7fef4f0c151ef
      size: 3067425
    - path: tmp/model.joblib
      hash: md5
      md5: e6774ecbad963b5cd0b5c24973c05847
      size: 46215
    - path: tmp/y_test.joblib
      hash: md5
      md5: 972032116aad48a20c08103ae08660f6
      size: 2385
  evaluate:
    cmd: python ./src/modeling/evaluate.py
    deps:
    - path: ./src/modeling/evaluate.py
      hash: md5
      md5: add598ce7fb5746949534cf56f51f842
      size: 1093
    - path: tmp/X_test.joblib
      hash: md5
      md5: 83ca11d00be1ce3328e7fef4f0c151ef
      size: 3067425
    - path: tmp/model.joblib
      hash: md5
      md5: e6774ecbad963b5cd0b5c24973c05847
      size: 46215
    - path: tmp/y_test.joblib
      hash: md5
      md5: 972032116aad48a20c08103ae08660f6
      size: 2385
    outs:
    - path: metrics/metrics.json
      hash: md5
      md5: c7cd87eac73fe04a5b24944846965de4
      size: 75
