schema: '2.0'
stages:
  get_data:
    cmd: python ./src/dataset/get_data.py
    deps:
    - path: ./src/dataset/get_data.py
      hash: md5
      md5: 6f07eb983b87a21beedbc8fd43a8dfe1
      size: 1332
    - path: pyproject.toml
      hash: md5
      md5: e23d4896390c7e0ff763228a8e515be4
      size: 1227
    outs:
    - path: tmp/corpus.joblib
      hash: md5
      md5: 0eec825902a57af520ea457aea67fc7a
      size: 34535
    - path: tmp/raw_labels.joblib
      hash: md5
      md5: e72f7dc91beee28dbae42e6464fc57ed
      size: 7425
  data_preprocess:
    cmd: python ./src/dataset/pre_process.py
    deps:
    - path: ./src/dataset/pre_process.py
      hash: md5
      md5: 48f6c85238259c6e38c1ac62491806d8
      size: 1601
    - path: tmp/corpus.joblib
      hash: md5
      md5: 0eec825902a57af520ea457aea67fc7a
      size: 34535
    - path: tmp/raw_labels.joblib
      hash: md5
      md5: e72f7dc91beee28dbae42e6464fc57ed
      size: 7425
    outs:
    - path: tmp/X.joblib
      hash: md5
      md5: 7c19b1a33956a0046c7f0e925a4e7680
      size: 10212865
    - path: tmp/corpus_processed.joblib
      hash: md5
      md5: 0fe50df584227d9c38f207af3af24ba0
      size: 34532
    - path: tmp/cv.joblib
      hash: md5
      md5: f4200af5123d9350a5149e89c144e13d
      size: 40515
    - path: tmp/y.joblib
      hash: md5
      md5: 02609bd21a184a5a416fbc0db97162ff
      size: 7417
  train:
    cmd: python ./src/modeling/train.py --seed 27 --test_size 0.3
    deps:
    - path: ./src/modeling/train.py
      hash: md5
      md5: 8ffa9144eef2d874ae99db2b165713ae
      size: 1744
    - path: tmp/X.joblib
      hash: md5
      md5: 7c19b1a33956a0046c7f0e925a4e7680
      size: 10212865
    - path: tmp/cv.joblib
      hash: md5
      md5: 6338f53f8136f1a91db591dad76cab15
      size: 40521
    - path: tmp/y.joblib
      hash: md5
      md5: 02609bd21a184a5a416fbc0db97162ff
      size: 7417
    outs:
    - path: tmp/X_test.joblib
      hash: md5
      md5: cb1565b584f8d85312721fad9c7cbb8d
      size: 3067425
    - path: tmp/model.joblib
      hash: md5
      md5: c349e1ec82a68fae26e92b2616813e8e
      size: 46215
    - path: tmp/y_test.joblib
      hash: md5
      md5: a5d9507490411e0c130a4ef57931441c
      size: 2385
  evaluate:
    cmd: python ./src/modeling/evaluate.py
    deps:
    - path: ./src/modeling/evaluate.py
      hash: md5
      md5: 5eb7b7a84a6c2ed025b5a03145c2465e
      size: 1226
    - path: tmp/X_test.joblib
      hash: md5
      md5: cb1565b584f8d85312721fad9c7cbb8d
      size: 3067425
    - path: tmp/model.joblib
      hash: md5
      md5: c349e1ec82a68fae26e92b2616813e8e
      size: 46215
    - path: tmp/y_test.joblib
      hash: md5
      md5: a5d9507490411e0c130a4ef57931441c
      size: 2385
    outs:
    - path: metrics/metrics.json
      hash: md5
      md5: 80b753cfab1e022537ca31e7f4bb891e
      size: 193
